
Microsoft Visual Studio Solution File, Format Version 12.00
# Visual Studio Version 16
VisualStudioVersion = 16.0.30114.105
MinimumVisualStudioVersion = 10.0.40219.1
Project("{FAE04EC0-301F-11D3-BF4B-00C04F79EFBC}") = "XUnitTestProjectCore", "XUnitTestProjectCore\XUnitTestProjectCore.csproj", "{E841F075-9A97-430E-9437-B75995372BC2}"
EndProject
Global
	GlobalSection(SolutionConfigurationPlatforms) = preSolution
		Debug|Any CPU = Debug|Any CPU
		Release|Any CPU = Release|Any CPU
	EndGlobalSection
	GlobalSection(ProjectConfigurationPlatforms) = postSolution
		{E841F075-9A97-430E-9437-B75995372BC2}.Debug|Any CPU.ActiveCfg = Debug|Any CPU
		{E841F075-9A97-430E-9437-B75995372BC2}.Debug|Any CPU.Build.0 = Debug|Any CPU
		{E841F075-9A97-430E-9437-B75995372BC2}.Release|Any CPU.ActiveCfg = Release|Any CPU
		{E841F075-9A97-430E-9437-B75995372BC2}.Release|Any CPU.Build.0 = Release|Any CPU
	EndGlobalSection
	GlobalSection(SolutionProperties) = preSolution
		HideSolutionNode = FALSE
	EndGlobalSection
	GlobalSection(ExtensibilityGlobals) = postSolution
		SolutionGuid = {5CB7E7CF-5E07-4564-9CF2-2CDAD596AABB}
	EndGlobalSection
EndGlobal
